
Microsoft Visual Studio Solution File, Format Version 12.00
# Visual Studio 15
VisualStudioVersion = 15.0.28010.2041
MinimumVisualStudioVersion = 10.0.40219.1
Project("{9A19103F-16F7-4668-BE54-9A1E7A4F7556}") = "File.System.Stub", "File.System.Stub\File.System.Stub.csproj", "{9096F219-565B-49DF-9CD8-EF099B382E73}"
EndProject
Project("{2150E333-8FDC-42A3-9474-1A3956D46DE8}") = "Testing", "Testing", "{8708FFB4-1C18-46C8-B727-FD2AEF6F5862}"
EndProject
Project("{9A19103F-16F7-4668-BE54-9A1E7A4F7556}") = "File.System.Stub.UnitTests", "File.System.Stub.UnitTests\File.System.Stub.UnitTests.csproj", "{0AD87772-EB2D-4CF2-95E2-24FFF8912B3F}"
EndProject
Project("{9A19103F-16F7-4668-BE54-9A1E7A4F7556}") = "File.System.Stub.IntegrationTests", "File.System.Stub.IntegrationTests\File.System.Stub.IntegrationTests.csproj", "{36CBC05F-17AA-4678-A805-BBB9F48F4F64}"
EndProject
Project("{2150E333-8FDC-42A3-9474-1A3956D46DE8}") = "Solution Items", "Solution Items", "{063B106E-6E96-46D6-B256-10D01210FBF5}"
	ProjectSection(SolutionItems) = preProject
		..\paket.dependencies = ..\paket.dependencies
	EndProjectSection
EndProject
Global
	GlobalSection(SolutionConfigurationPlatforms) = preSolution
		Debug|Any CPU = Debug|Any CPU
		Release|Any CPU = Release|Any CPU
	EndGlobalSection
	GlobalSection(ProjectConfigurationPlatforms) = postSolution
		{9096F219-565B-49DF-9CD8-EF099B382E73}.Debug|Any CPU.ActiveCfg = Debug|Any CPU
		{9096F219-565B-49DF-9CD8-EF099B382E73}.Debug|Any CPU.Build.0 = Debug|Any CPU
		{9096F219-565B-49DF-9CD8-EF099B382E73}.Release|Any CPU.ActiveCfg = Release|Any CPU
		{9096F219-565B-49DF-9CD8-EF099B382E73}.Release|Any CPU.Build.0 = Release|Any CPU
		{0AD87772-EB2D-4CF2-95E2-24FFF8912B3F}.Debug|Any CPU.ActiveCfg = Debug|Any CPU
		{0AD87772-EB2D-4CF2-95E2-24FFF8912B3F}.Debug|Any CPU.Build.0 = Debug|Any CPU
		{0AD87772-EB2D-4CF2-95E2-24FFF8912B3F}.Release|Any CPU.ActiveCfg = Release|Any CPU
		{0AD87772-EB2D-4CF2-95E2-24FFF8912B3F}.Release|Any CPU.Build.0 = Release|Any CPU
		{36CBC05F-17AA-4678-A805-BBB9F48F4F64}.Debug|Any CPU.ActiveCfg = Debug|Any CPU
		{36CBC05F-17AA-4678-A805-BBB9F48F4F64}.Debug|Any CPU.Build.0 = Debug|Any CPU
		{36CBC05F-17AA-4678-A805-BBB9F48F4F64}.Release|Any CPU.ActiveCfg = Release|Any CPU
		{36CBC05F-17AA-4678-A805-BBB9F48F4F64}.Release|Any CPU.Build.0 = Release|Any CPU
	EndGlobalSection
	GlobalSection(SolutionProperties) = preSolution
		HideSolutionNode = FALSE
	EndGlobalSection
	GlobalSection(NestedProjects) = preSolution
		{0AD87772-EB2D-4CF2-95E2-24FFF8912B3F} = {8708FFB4-1C18-46C8-B727-FD2AEF6F5862}
		{36CBC05F-17AA-4678-A805-BBB9F48F4F64} = {8708FFB4-1C18-46C8-B727-FD2AEF6F5862}
	EndGlobalSection
	GlobalSection(ExtensibilityGlobals) = postSolution
		SolutionGuid = {0760F057-025A-41D8-B1FE-4434435BC685}
	EndGlobalSection
EndGlobal
